// !$*UTF8*$!
{
	archiveVersion = 1;
	classes = {
	};
	objectVersion = 90;
	objects = {

/* Begin PBXFileReference section */
		000000000000000000000120 /* MyTool */ = {isa = PBXFileReference; explicitFileType = "compiled.mach-o.executable"; includeInIndex = 0; path = MyTool; sourceTree = BUILT_PRODUCTS_DIR; };
		755CB7AF30693DA40060E942 /* make_golden.py */ = {isa = PBXFileReference; lastKnownFileType = text.script.python; path = make_golden.py; sourceTree = "<group>"; };
		755CB7B030693DA40060E942 /* tokenizer_golden.json */ = {isa = PBXFileReference; lastKnownFileType = text.json; path = tokenizer_golden.json; sourceTree = "<group>"; };
		755CB7B130693DA40060E942 /* wire_golden.json */ = {isa = PBXFileReference; lastKnownFileType = text.json; path = wire_golden.json; sourceTree = "<group>"; };
		755CB7B330693DA40060E942 /* IDEA.md */ = {isa = PBXFileReference; lastKnownFileType = net.daringfireball.markdown; path = IDEA.md; sourceTree = "<group>"; };
		755CB7B430693DA40060E942 /* Package.swift */ = {isa = PBXFileReference; lastKnownFileType = sourcecode.swift; path = Package.swift; sourceTree = "<group>"; };
		755CB7B530693DA40060E942 /* laya.proto */ = {isa = PBXFileReference; lastKnownFileType = sourcecode.protobuf; path = laya.proto; sourceTree = "<group>"; };
		755CB7B730693DA40060E942 /* protogen.sh */ = {isa = PBXFileReference; lastKnownFileType = text.script.sh; path = protogen.sh; sourceTree = "<group>"; };
		755CB7B930693DA40060E942 /* Constants.swift */ = {isa = PBXFileReference; lastKnownFileType = sourcecode.swift; path = Constants.swift; sourceTree = "<group>"; };
		755CB7BA30693DA40060E942 /* Decisions.swift */ = {isa = PBXFileReference; lastKnownFileType = sourcecode.swift; path = Decisions.swift; sourceTree = "<group>"; };
		755CB7BB30693DA40060E942 /* JSONValue.swift */ = {isa = PBXFileReference; lastKnownFileType = sourcecode.swift; path = JSONValue.swift; sourceTree = "<group>"; };
		755CB7BC30693DA40060E942 /* Naming.swift */ = {isa = PBXFileReference; lastKnownFileType = sourcecode.swift; path = Naming.swift; sourceTree = "<group>"; };
		755CB7BE30693DA40060E942 /* laya.grpc.swift */ = {isa = PBXFileReference; lastKnownFileType = sourcecode.swift; path = laya.grpc.swift; sourceTree = "<group>"; };
		755CB7BF30693DA40060E942 /* laya.pb.swift */ = {isa = PBXFileReference; lastKnownFileType = sourcecode.swift; path = laya.pb.swift; sourceTree = "<group>"; };
		755CB7C130693DA40060E942 /* laya.proto */ = {isa = PBXFileReference; lastKnownFileType = sourcecode.protobuf; path = laya.proto; sourceTree = "<group>"; };
/* End PBXFileReference section */

/* Begin PBXFrameworksBuildPhase section */
		000000000000000130000000 /* Frameworks */ = {
			isa = PBXFrameworksBuildPhase;
			files = (
			);
		};
/* End PBXFrameworksBuildPhase section */

/* Begin PBXGroup section */
		000000000000000000000001 = {
			isa = PBXGroup;
			children = (
				755CB7B230693DA40060E942 /* golden */,
				755CB7B330693DA40060E942 /* IDEA.md */,
				755CB7B430693DA40060E942 /* Package.swift */,
				755CB7B630693DA40060E942 /* protos */,
				755CB7B830693DA40060E942 /* Scripts */,
				755CB7C430693DA40060E942 /* Sources */,
				000000000000000000000020 /* Products */,
			);
			sourceTree = "<group>";
		};
		000000000000000000000020 /* Products */ = {
			isa = PBXGroup;
			children = (
				000000000000000000000120 /* MyTool */,
			);
			name = Products;
			sourceTree = "<group>";
		};
		755CB7B230693DA40060E942 /* golden */ = {
			isa = PBXGroup;
			children = (
				755CB7AF30693DA40060E942 /* make_golden.py */,
				755CB7B030693DA40060E942 /* tokenizer_golden.json */,
				755CB7B130693DA40060E942 /* wire_golden.json */,
			);
			path = golden;
			sourceTree = "<group>";
		};
		755CB7B630693DA40060E942 /* protos */ = {
			isa = PBXGroup;
			children = (
				755CB7B530693DA40060E942 /* laya.proto */,
			);
			path = protos;
			sourceTree = "<group>";
		};
		755CB7B830693DA40060E942 /* Scripts */ = {
			isa = PBXGroup;
			children = (
				755CB7B730693DA40060E942 /* protogen.sh */,
			);
			path = Scripts;
			sourceTree = "<group>";
		};
		755CB7BD30693DA40060E942 /* LayaCore */ = {
			isa = PBXGroup;
			children = (
				755CB7B930693DA40060E942 /* Constants.swift */,
				755CB7BA30693DA40060E942 /* Decisions.swift */,
				755CB7BB30693DA40060E942 /* JSONValue.swift */,
				755CB7BC30693DA40060E942 /* Naming.swift */,
			);
			path = LayaCore;
			sourceTree = "<group>";
		};
		755CB7C030693DA40060E942 /* Generated */ = {
			isa = PBXGroup;
			children = (
				755CB7BE30693DA40060E942 /* laya.grpc.swift */,
				755CB7BF30693DA40060E942 /* laya.pb.swift */,
			);
			path = Generated;
			sourceTree = "<group>";
		};
		755CB7C230693DA40060E942 /* Protos */ = {
			isa = PBXGroup;
			children = (
				755CB7C130693DA40060E942 /* laya.proto */,
			);
			path = Protos;
			sourceTree = "<group>";
		};
		755CB7C330693DA40060E942 /* LayaGRPC */ = {
			isa = PBXGroup;
			children = (
				755CB7C030693DA40060E942 /* Generated */,
				755CB7C230693DA40060E942 /* Protos */,
			);
			path = LayaGRPC;
			sourceTree = "<group>";
		};
		755CB7C430693DA40060E942 /* Sources */ = {
			isa = PBXGroup;
			children = (
				755CB7BD30693DA40060E942 /* LayaCore */,
				755CB7C330693DA40060E942 /* LayaGRPC */,
			);
			path = Sources;
			sourceTree = "<group>";
		};
/* End PBXGroup section */

/* Begin PBXNativeTarget section */
		000000000000000100000000 /* MyTool */ = {
			isa = PBXNativeTarget;
			buildConfigurationList = 000000000000000110000000 /* Build configuration list for PBXNativeTarget "MyTool" */;
			buildPhases = (
				000000000000000120000000 /* Sources */,
				000000000000000130000000 /* Frameworks */,
			);
			buildRules = (
			);
			name = MyTool;
			productName = Tool;
			productReference = 000000000000000000000120 /* MyTool */;
			productType = "com.apple.product-type.tool";
		};
/* End PBXNativeTarget section */

/* Begin PBXProject section */
		000000000000000000000000 /* Project object */ = {
			isa = PBXProject;
			attributes = {
				BuildIndependentTargetsInParallel = 1;
				LastSwiftUpdateCheck = 2700;
				LastUpgradeCheck = 2700;
				TargetAttributes = {
					000000000000000100000000 = {
						CreatedOnToolsVersion = 27.0;
					};
				};
			};
			buildConfigurationList = 000000000000000010000000 /* Build configuration list for PBXProject "Laya-Plugin-Swift" */;
			developmentRegion = en;
			hasScannedForEncodings = 0;
			knownRegions = (
				en,
				Base,
			);
			mainGroup = 000000000000000000000001;
			minimizedProjectReferenceProxies = 1;
			preferredProjectObjectVersion = 90;
			productRefGroup = 000000000000000000000020 /* Products */;
			projectDirPath = "";
			projectRoot = "";
			targets = (
				000000000000000100000000 /* MyTool */,
			);
		};
/* End PBXProject section */

/* Begin PBXSourcesBuildPhase section */
		000000000000000120000000 /* Sources */ = {
			isa = PBXSourcesBuildPhase;
			files = (
			);
		};
/* End PBXSourcesBuildPhase section */

/* Begin XCBuildConfiguration section */
		000000000000000011000000 /* Debug configuration for PBXProject "Laya-Plugin-Swift" */ = {
			isa = XCBuildConfiguration;
			buildSettings = {
				ALWAYS_SEARCH_USER_PATHS = NO;
				ASSETCATALOG_COMPILER_GENERATE_SWIFT_ASSET_SYMBOL_EXTENSIONS = YES;
				CLANG_ANALYZER_NONNULL = YES;
				CLANG_ANALYZER_NUMBER_OBJECT_CONVERSION = YES_AGGRESSIVE;
				CLANG_CXX_LANGUAGE_STANDARD = "gnu++20";
				CLANG_ENABLE_MODULES = YES;
				CLANG_ENABLE_OBJC_ARC = YES;
				CLANG_ENABLE_OBJC_WEAK = YES;
				CLANG_WARN_BLOCK_CAPTURE_AUTORELEASING = YES;
				CLANG_WARN_BOOL_CONVERSION = YES;
				CLANG_WARN_COMMA = YES;
				CLANG_WARN_CONSTANT_CONVERSION = YES;
				CLANG_WARN_DEPRECATED_OBJC_IMPLEMENTATIONS = YES;
				CLANG_WARN_DIRECT_OBJC_ISA_USAGE = YES_ERROR;
				CLANG_WARN_DOCUMENTATION_COMMENTS = YES;
				CLANG_WARN_EMPTY_BODY = YES;
				CLANG_WARN_ENUM_CONVERSION = YES;
				CLANG_WARN_INFINITE_RECURSION = YES;
				CLANG_WARN_INT_CONVERSION = YES;
				CLANG_WARN_NON_LITERAL_NULL_CONVERSION = YES;
				CLANG_WARN_OBJC_IMPLICIT_RETAIN_SELF = YES;
				CLANG_WARN_OBJC_LITERAL_CONVERSION = YES;
				CLANG_WARN_OBJC_ROOT_CLASS = YES_ERROR;
				CLANG_WARN_QUOTED_INCLUDE_IN_FRAMEWORK_HEADER = YES;
				CLANG_WARN_RANGE_LOOP_ANALYSIS = YES;
				CLANG_WARN_STRICT_PROTOTYPES = YES;
				CLANG_WARN_SUSPICIOUS_MOVE = YES;
				CLANG_WARN_UNGUARDED_AVAILABILITY = YES_AGGRESSIVE;
				CLANG_WARN_UNREACHABLE_CODE = YES;
				CLANG_WARN__DUPLICATE_METHOD_MATCH = YES;
				COPY_PHASE_STRIP = NO;
				DEAD_CODE_STRIPPING = YES;
				DEBUG_INFORMATION_FORMAT = dwarf;
				DRIVERKIT_DEPLOYMENT_TARGET = 27.0;
				ENABLE_STRICT_OBJC_MSGSEND = YES;
				ENABLE_TESTABILITY = YES;
				ENABLE_USER_SCRIPT_SANDBOXING = YES;
				GCC_C_LANGUAGE_STANDARD = gnu17;
				GCC_DYNAMIC_NO_PIC = NO;
				GCC_NO_COMMON_BLOCKS = YES;
				GCC_OPTIMIZATION_LEVEL = 0;
				GCC_PREPROCESSOR_DEFINITIONS = (
					"DEBUG=1",
					"$(inherited)",
				);
				GCC_WARN_64_TO_32_BIT_CONVERSION = YES;
				GCC_WARN_ABOUT_RETURN_TYPE = YES_ERROR;
				GCC_WARN_UNDECLARED_SELECTOR = YES;
				GCC_WARN_UNINITIALIZED_AUTOS = YES_AGGRESSIVE;
				GCC_WARN_UNUSED_FUNCTION = YES;
				GCC_WARN_UNUSED_VARIABLE = YES;
				IPHONEOS_DEPLOYMENT_TARGET = 27.0;
				LOCALIZATION_PREFERS_STRING_CATALOGS = YES;
				MACOSX_DEPLOYMENT_TARGET = 27.0;
				MTL_ENABLE_DEBUG_INFO = INCLUDE_SOURCE;
				MTL_FAST_MATH = YES;
				ONLY_ACTIVE_ARCH = YES;
				PROJECT_UNIQUE_VALUE = TPHFWDLI;
				STRING_CATALOG_GENERATE_SYMBOLS = YES;
				SWIFT_ACTIVE_COMPILATION_CONDITIONS = "DEBUG $(inherited)";
				SWIFT_OPTIMIZATION_LEVEL = "-Onone";
				TVOS_DEPLOYMENT_TARGET = 27.0;
				WATCHOS_DEPLOYMENT_TARGET = 27.0;
				XROS_DEPLOYMENT_TARGET = 27.0;
			};
			name = Debug;
		};
		000000000000000012000000 /* Release configuration for PBXProject "Laya-Plugin-Swift" */ = {
			isa = XCBuildConfiguration;
			buildSettings = {
				ALWAYS_SEARCH_USER_PATHS = NO;
				ASSETCATALOG_COMPILER_GENERATE_SWIFT_ASSET_SYMBOL_EXTENSIONS = YES;
				CLANG_ANALYZER_NONNULL = YES;
				CLANG_ANALYZER_NUMBER_OBJECT_CONVERSION = YES_AGGRESSIVE;
				CLANG_CXX_LANGUAGE_STANDARD = "gnu++20";
				CLANG_ENABLE_MODULES = YES;
				CLANG_ENABLE_OBJC_ARC = YES;
				CLANG_ENABLE_OBJC_WEAK = YES;
				CLANG_WARN_BLOCK_CAPTURE_AUTORELEASING = YES;
				CLANG_WARN_BOOL_CONVERSION = YES;
				CLANG_WARN_COMMA = YES;
				CLANG_WARN_CONSTANT_CONVERSION = YES;
				CLANG_WARN_DEPRECATED_OBJC_IMPLEMENTATIONS = YES;
				CLANG_WARN_DIRECT_OBJC_ISA_USAGE = YES_ERROR;
				CLANG_WARN_DOCUMENTATION_COMMENTS = YES;
				CLANG_WARN_EMPTY_BODY = YES;
				CLANG_WARN_ENUM_CONVERSION = YES;
				CLANG_WARN_INFINITE_RECURSION = YES;
				CLANG_WARN_INT_CONVERSION = YES;
				CLANG_WARN_NON_LITERAL_NULL_CONVERSION = YES;
				CLANG_WARN_OBJC_IMPLICIT_RETAIN_SELF = YES;
				CLANG_WARN_OBJC_LITERAL_CONVERSION = YES;
				CLANG_WARN_OBJC_ROOT_CLASS = YES_ERROR;
				CLANG_WARN_QUOTED_INCLUDE_IN_FRAMEWORK_HEADER = YES;
				CLANG_WARN_RANGE_LOOP_ANALYSIS = YES;
				CLANG_WARN_STRICT_PROTOTYPES = YES;
				CLANG_WARN_SUSPICIOUS_MOVE = YES;
				CLANG_WARN_UNGUARDED_AVAILABILITY = YES_AGGRESSIVE;
				CLANG_WARN_UNREACHABLE_CODE = YES;
				CLANG_WARN__DUPLICATE_METHOD_MATCH = YES;
				COPY_PHASE_STRIP = NO;
				DEAD_CODE_STRIPPING = YES;
				DEBUG_INFORMATION_FORMAT = "dwarf-with-dsym";
				DRIVERKIT_DEPLOYMENT_TARGET = 27.0;
				ENABLE_NS_ASSERTIONS = NO;
				ENABLE_STRICT_OBJC_MSGSEND = YES;
				ENABLE_USER_SCRIPT_SANDBOXING = YES;
				GCC_C_LANGUAGE_STANDARD = gnu17;
				GCC_NO_COMMON_BLOCKS = YES;
				GCC_WARN_64_TO_32_BIT_CONVERSION = YES;
				GCC_WARN_ABOUT_RETURN_TYPE = YES_ERROR;
				GCC_WARN_UNDECLARED_SELECTOR = YES;
				GCC_WARN_UNINITIALIZED_AUTOS = YES_AGGRESSIVE;
				GCC_WARN_UNUSED_FUNCTION = YES;
				GCC_WARN_UNUSED_VARIABLE = YES;
				IPHONEOS_DEPLOYMENT_TARGET = 27.0;
				LOCALIZATION_PREFERS_STRING_CATALOGS = YES;
				MACOSX_DEPLOYMENT_TARGET = 27.0;
				MTL_ENABLE_DEBUG_INFO = NO;
				MTL_FAST_MATH = YES;
				PROJECT_UNIQUE_VALUE = TPHFWDLI;
				STRING_CATALOG_GENERATE_SYMBOLS = YES;
				SWIFT_COMPILATION_MODE = wholemodule;
				TVOS_DEPLOYMENT_TARGET = 27.0;
				WATCHOS_DEPLOYMENT_TARGET = 27.0;
				XROS_DEPLOYMENT_TARGET = 27.0;
			};
			name = Release;
		};
		000000000000000111000000 /* Debug configuration for PBXNativeTarget "MyTool" */ = {
			isa = XCBuildConfiguration;
			buildSettings = {
				CODE_SIGN_STYLE = Automatic;
				MACOSX_DEPLOYMENT_TARGET = 26.3;
				PRODUCT_NAME = "$(TARGET_NAME)";
				SDKROOT = auto;
				SUPPORTED_PLATFORMS = "$(AVAILABLE_PLATFORMS)";
				SWIFT_APPROACHABLE_CONCURRENCY = YES;
				SWIFT_UPCOMING_FEATURE_MEMBER_IMPORT_VISIBILITY = YES;
				SWIFT_VERSION = 5.0;
			};
			name = Debug;
		};
		000000000000000112000000 /* Release configuration for PBXNativeTarget "MyTool" */ = {
			isa = XCBuildConfiguration;
			buildSettings = {
				CODE_SIGN_STYLE = Automatic;
				MACOSX_DEPLOYMENT_TARGET = 26.3;
				PRODUCT_NAME = "$(TARGET_NAME)";
				SDKROOT = auto;
				SUPPORTED_PLATFORMS = "$(AVAILABLE_PLATFORMS)";
				SWIFT_APPROACHABLE_CONCURRENCY = YES;
				SWIFT_UPCOMING_FEATURE_MEMBER_IMPORT_VISIBILITY = YES;
				SWIFT_VERSION = 5.0;
			};
			name = Release;
		};
/* End XCBuildConfiguration section */

/* Begin XCConfigurationList section */
		000000000000000010000000 /* Build configuration list for PBXProject "Laya-Plugin-Swift" */ = {
			isa = XCConfigurationList;
			buildConfigurations = (
				000000000000000011000000 /* Debug configuration for PBXProject "Laya-Plugin-Swift" */,
				000000000000000012000000 /* Release configuration for PBXProject "Laya-Plugin-Swift" */,
			);
			defaultConfigurationName = Release;
		};
		000000000000000110000000 /* Build configuration list for PBXNativeTarget "MyTool" */ = {
			isa = XCConfigurationList;
			buildConfigurations = (
				000000000000000111000000 /* Debug configuration for PBXNativeTarget "MyTool" */,
				000000000000000112000000 /* Release configuration for PBXNativeTarget "MyTool" */,
			);
			defaultConfigurationName = Release;
		};
/* End XCConfigurationList section */
	};
	rootObject = 000000000000000000000000 /* Project object */;
}
